lockfileVersion: '9.0'

settings:
  autoInstallPeers: true
  excludeLinksFromLockfile: false

importers:

  .:
    devDependencies:
      '@iconify-json/material-symbols':
        specifier: ^1.2.1
        version: 1.2.1

packages:

  '@iconify-json/material-symbols@1.2.1':
    resolution: {integrity: sha512-r9yaBzlUmN87aCTSoCNtDCd7R9F0iVDjNPL9QHHhm1WglFJvTUKx9iBC5xcZpP0qN0bg9R5FkM90CndWxEBAnw==}

  '@iconify/types@2.0.0':
    resolution: {integrity: sha512-+wluvCrRhXrhyOmRDJ3q8mux9JkKy5SJ/v8ol2tu4FVjyYvtEzkc/3pK15ET6RKg4b4w4BmTk1+gsCUhf21Ykg==}

snapshots:

  '@iconify-json/material-symbols@1.2.1':
    dependencies:
      '@iconify/types': 2.0.0

  '@iconify/types@2.0.0': {}
